
Microsoft Visual Studio Solution File, Format Version 12.00
# Visual Studio Version 17
VisualStudioVersion = 17.0.31903.59
MinimumVisualStudioVersion = 10.0.40219.1
Project("{2150E333-8FDC-42A3-9474-1A3956D46DE8}") = "src", "src", "{827E0CD3-B72D-47B6-A68D-7590B98EB39B}"
EndProject
Project("{FAE04EC0-301F-11D3-BF4B-00C04F79EFBC}") = "ContextUI.Core", "src\ContextUI.Core\ContextUI.Core.csproj", "{18CA36C7-EAF5-4D9B-ADA1-C847CA3164CA}"
EndProject
Project("{FAE04EC0-301F-11D3-BF4B-00C04F79EFBC}") = "ContextUI.LLM", "src\ContextUI.LLM\ContextUI.LLM.csproj", "{C42FD779-7455-4459-8B81-CF8554DD6F21}"
EndProject
Project("{FAE04EC0-301F-11D3-BF4B-00C04F79EFBC}") = "ContextUI.Framework", "src\ContextUI.Framework\ContextUI.Framework.csproj", "{975E3CFC-DE43-41B7-ABD8-A4F7AD642BAD}"
EndProject
Project("{FAE04EC0-301F-11D3-BF4B-00C04F79EFBC}") = "ContextUI.Server", "src\ContextUI.Server\ContextUI.Server.csproj", "{81D4B8D9-50D1-449F-AF80-1AB9BC2EEC72}"
EndProject
Project("{2150E333-8FDC-42A3-9474-1A3956D46DE8}") = "tests", "tests", "{0AB3BF05-4346-4AA6-1389-037BE0695223}"
EndProject
Project("{FAE04EC0-301F-11D3-BF4B-00C04F79EFBC}") = "ContextUI.Core.Tests", "tests\ContextUI.Core.Tests\ContextUI.Core.Tests.csproj", "{05342BB8-E661-4561-AE74-0E0C50E17D66}"
EndProject
Project("{FAE04EC0-301F-11D3-BF4B-00C04F79EFBC}") = "ContextUI.Framework.Tests", "tests\ContextUI.Framework.Tests\ContextUI.Framework.Tests.csproj", "{B342D866-A8B3-472F-9EF1-145A6511E442}"
EndProject
Global
	GlobalSection(SolutionConfigurationPlatforms) = preSolution
		Debug|Any CPU = Debug|Any CPU
		Debug|x64 = Debug|x64
		Debug|x86 = Debug|x86
		Release|Any CPU = Release|Any CPU
		Release|x64 = Release|x64
		Release|x86 = Release|x86
	EndGlobalSection
	GlobalSection(ProjectConfigurationPlatforms) = postSolution
		{18CA36C7-EAF5-4D9B-ADA1-C847CA3164CA}.Debug|Any CPU.ActiveCfg = Debug|Any CPU
		{18CA36C7-EAF5-4D9B-ADA1-C847CA3164CA}.Debug|Any CPU.Build.0 = Debug|Any CPU
		{18CA36C7-EAF5-4D9B-ADA1-C847CA3164CA}.Debug|x64.ActiveCfg = Debug|Any CPU
		{18CA36C7-EAF5-4D9B-ADA1-C847CA3164CA}.Debug|x64.Build.0 = Debug|Any CPU
		{18CA36C7-EAF5-4D9B-ADA1-C847CA3164CA}.Debug|x86.ActiveCfg = Debug|Any CPU
		{18CA36C7-EAF5-4D9B-ADA1-C847CA3164CA}.Debug|x86.Build.0 = Debug|Any CPU
		{18CA36C7-EAF5-4D9B-ADA1-C847CA3164CA}.Release|Any CPU.ActiveCfg = Release|Any CPU
		{18CA36C7-EAF5-4D9B-ADA1-C847CA3164CA}.Release|Any CPU.Build.0 = Release|Any CPU
		{18CA36C7-EAF5-4D9B-ADA1-C847CA3164CA}.Release|x64.ActiveCfg = Release|Any CPU
		{18CA36C7-EAF5-4D9B-ADA1-C847CA3164CA}.Release|x64.Build.0 = Release|Any CPU
		{18CA36C7-EAF5-4D9B-ADA1-C847CA3164CA}.Release|x86.ActiveCfg = Release|Any CPU
		{18CA36C7-EAF5-4D9B-ADA1-C847CA3164CA}.Release|x86.Build.0 = Release|Any CPU
		{C42FD779-7455-4459-8B81-CF8554DD6F21}.Debug|Any CPU.ActiveCfg = Debug|Any CPU
		{C42FD779-7455-4459-8B81-CF8554DD6F21}.Debug|Any CPU.Build.0 = Debug|Any CPU
		{C42FD779-7455-4459-8B81-CF8554DD6F21}.Debug|x64.ActiveCfg = Debug|Any CPU
		{C42FD779-7455-4459-8B81-CF8554DD6F21}.Debug|x64.Build.0 = Debug|Any CPU
		{C42FD779-7455-4459-8B81-CF8554DD6F21}.Debug|x86.ActiveCfg = Debug|Any CPU
		{C42FD779-7455-4459-8B81-CF8554DD6F21}.Debug|x86.Build.0 = Debug|Any CPU
		{C42FD779-7455-4459-8B81-CF8554DD6F21}.Release|Any CPU.ActiveCfg = Release|Any CPU
		{C42FD779-7455-4459-8B81-CF8554DD6F21}.Release|Any CPU.Build.0 = Release|Any CPU
		{C42FD779-7455-4459-8B81-CF8554DD6F21}.Release|x64.ActiveCfg = Release|Any CPU
		{C42FD779-7455-4459-8B81-CF8554DD6F21}.Release|x64.Build.0 = Release|Any CPU
		{C42FD779-7455-4459-8B81-CF8554DD6F21}.Release|x86.ActiveCfg = Release|Any CPU
		{C42FD779-7455-4459-8B81-CF8554DD6F21}.Release|x86.Build.0 = Release|Any CPU
		{975E3CFC-DE43-41B7-ABD8-A4F7AD642BAD}.Debug|Any CPU.ActiveCfg = Debug|Any CPU
		{975E3CFC-DE43-41B7-ABD8-A4F7AD642BAD}.Debug|Any CPU.Build.0 = Debug|Any CPU
		{975E3CFC-DE43-41B7-ABD8-A4F7AD642BAD}.Debug|x64.ActiveCfg = Debug|Any CPU
		{975E3CFC-DE43-41B7-ABD8-A4F7AD642BAD}.Debug|x64.Build.0 = Debug|Any CPU
		{975E3CFC-DE43-41B7-ABD8-A4F7AD642BAD}.Debug|x86.ActiveCfg = Debug|Any CPU
		{975E3CFC-DE43-41B7-ABD8-A4F7AD642BAD}.Debug|x86.Build.0 = Debug|Any CPU
		{975E3CFC-DE43-41B7-ABD8-A4F7AD642BAD}.Release|Any CPU.ActiveCfg = Release|Any CPU
		{975E3CFC-DE43-41B7-ABD8-A4F7AD642BAD}.Release|Any CPU.Build.0 = Release|Any CPU
		{975E3CFC-DE43-41B7-ABD8-A4F7AD642BAD}.Release|x64.ActiveCfg = Release|Any CPU
		{975E3CFC-DE43-41B7-ABD8-A4F7AD642BAD}.Release|x64.Build.0 = Release|Any CPU
		{975E3CFC-DE43-41B7-ABD8-A4F7AD642BAD}.Release|x86.ActiveCfg = Release|Any CPU
		{975E3CFC-DE43-41B7-ABD8-A4F7AD642BAD}.Release|x86.Build.0 = Release|Any CPU
		{81D4B8D9-50D1-449F-AF80-1AB9BC2EEC72}.Debug|Any CPU.ActiveCfg = Debug|Any CPU
		{81D4B8D9-50D1-449F-AF80-1AB9BC2EEC72}.Debug|Any CPU.Build.0 = Debug|Any CPU
		{81D4B8D9-50D1-449F-AF80-1AB9BC2EEC72}.Debug|x64.ActiveCfg = Debug|Any CPU
		{81D4B8D9-50D1-449F-AF80-1AB9BC2EEC72}.Debug|x64.Build.0 = Debug|Any CPU
		{81D4B8D9-50D1-449F-AF80-1AB9BC2EEC72}.Debug|x86.ActiveCfg = Debug|Any CPU
		{81D4B8D9-50D1-449F-AF80-1AB9BC2EEC72}.Debug|x86.Build.0 = Debug|Any CPU
		{81D4B8D9-50D1-449F-AF80-1AB9BC2EEC72}.Release|Any CPU.ActiveCfg = Release|Any CPU
		{81D4B8D9-50D1-449F-AF80-1AB9BC2EEC72}.Release|Any CPU.Build.0 = Release|Any CPU
		{81D4B8D9-50D1-449F-AF80-1AB9BC2EEC72}.Release|x64.ActiveCfg = Release|Any CPU
		{81D4B8D9-50D1-449F-AF80-1AB9BC2EEC72}.Release|x64.Build.0 = Release|Any CPU
		{81D4B8D9-50D1-449F-AF80-1AB9BC2EEC72}.Release|x86.ActiveCfg = Release|Any CPU
		{81D4B8D9-50D1-449F-AF80-1AB9BC2EEC72}.Release|x86.Build.0 = Release|Any CPU
		{05342BB8-E661-4561-AE74-0E0C50E17D66}.Debug|Any CPU.ActiveCfg = Debug|Any CPU
		{05342BB8-E661-4561-AE74-0E0C50E17D66}.Debug|Any CPU.Build.0 = Debug|Any CPU
		{05342BB8-E661-4561-AE74-0E0C50E17D66}.Debug|x64.ActiveCfg = Debug|Any CPU
		{05342BB8-E661-4561-AE74-0E0C50E17D66}.Debug|x64.Build.0 = Debug|Any CPU
		{05342BB8-E661-4561-AE74-0E0C50E17D66}.Debug|x86.ActiveCfg = Debug|Any CPU
		{05342BB8-E661-4561-AE74-0E0C50E17D66}.Debug|x86.Build.0 = Debug|Any CPU
		{05342BB8-E661-4561-AE74-0E0C50E17D66}.Release|Any CPU.ActiveCfg = Release|Any CPU
		{05342BB8-E661-4561-AE74-0E0C50E17D66}.Release|Any CPU.Build.0 = Release|Any CPU
		{05342BB8-E661-4561-AE74-0E0C50E17D66}.Release|x64.ActiveCfg = Release|Any CPU
		{05342BB8-E661-4561-AE74-0E0C50E17D66}.Release|x64.Build.0 = Release|Any CPU
		{05342BB8-E661-4561-AE74-0E0C50E17D66}.Release|x86.ActiveCfg = Release|Any CPU
		{05342BB8-E661-4561-AE74-0E0C50E17D66}.Release|x86.Build.0 = Release|Any CPU
		{B342D866-A8B3-472F-9EF1-145A6511E442}.Debug|Any CPU.ActiveCfg = Debug|Any CPU
		{B342D866-A8B3-472F-9EF1-145A6511E442}.Debug|Any CPU.Build.0 = Debug|Any CPU
		{B342D866-A8B3-472F-9EF1-145A6511E442}.Debug|x64.ActiveCfg = Debug|Any CPU
		{B342D866-A8B3-472F-9EF1-145A6511E442}.Debug|x64.Build.0 = Debug|Any CPU
		{B342D866-A8B3-472F-9EF1-145A6511E442}.Debug|x86.ActiveCfg = Debug|Any CPU
		{B342D866-A8B3-472F-9EF1-145A6511E442}.Debug|x86.Build.0 = Debug|Any CPU
		{B342D866-A8B3-472F-9EF1-145A6511E442}.Release|Any CPU.ActiveCfg = Release|Any CPU
		{B342D866-A8B3-472F-9EF1-145A6511E442}.Release|Any CPU.Build.0 = Release|Any CPU
		{B342D866-A8B3-472F-9EF1-145A6511E442}.Release|x64.ActiveCfg = Release|Any CPU
		{B342D866-A8B3-472F-9EF1-145A6511E442}.Release|x64.Build.0 = Release|Any CPU
		{B342D866-A8B3-472F-9EF1-145A6511E442}.Release|x86.ActiveCfg = Release|Any CPU
		{B342D866-A8B3-472F-9EF1-145A6511E442}.Release|x86.Build.0 = Release|Any CPU
	EndGlobalSection
	GlobalSection(SolutionProperties) = preSolution
		HideSolutionNode = FALSE
	EndGlobalSection
	GlobalSection(NestedProjects) = preSolution
		{18CA36C7-EAF5-4D9B-ADA1-C847CA3164CA} = {827E0CD3-B72D-47B6-A68D-7590B98EB39B}
		{C42FD779-7455-4459-8B81-CF8554DD6F21} = {827E0CD3-B72D-47B6-A68D-7590B98EB39B}
		{975E3CFC-DE43-41B7-ABD8-A4F7AD642BAD} = {827E0CD3-B72D-47B6-A68D-7590B98EB39B}
		{81D4B8D9-50D1-449F-AF80-1AB9BC2EEC72} = {827E0CD3-B72D-47B6-A68D-7590B98EB39B}
		{05342BB8-E661-4561-AE74-0E0C50E17D66} = {0AB3BF05-4346-4AA6-1389-037BE0695223}
		{B342D866-A8B3-472F-9EF1-145A6511E442} = {0AB3BF05-4346-4AA6-1389-037BE0695223}
	EndGlobalSection
EndGlobal
